{
  "name": "@raviqqe/react-tsconfig",
  "version": "1.0.15",
  "lockfileVersion": 3,
  "requires": true,
  "packages": {
    "": {
      "name": "@raviqqe/react-tsconfig",
      "version": "1.0.15",
      "license": "MIT",
      "dependencies": {
        "@raviqqe/tsconfig": "^1.0.3"
      },
      "devDependencies": {
        "typescript": "^5.0.2"
      }
    },
    "node_modules/@raviqqe/tsconfig": {
      "version": "1.0.4",
      "resolved": "https://registry.npmjs.org/@raviqqe/tsconfig/-/tsconfig-1.0.4.tgz",
      "integrity": "sha512-5ninMZrNW3mosxLTtkuE0hbWcFmn3gfM6zWHyV3YWWG7mR5KSZ87pgcIEuz4mHy4BfcG8+T+pD6x06eukxGSpg=="
    },
    "node_modules/typescript": {
      "version": "5.0.2",
      "resolved": "https://registry.npmjs.org/typescript/-/typescript-5.0.2.tgz",
      "integrity": "sha512-wVORMBGO/FAs/++blGNeAVdbNKtIh1rbBL2EyQ1+J9lClJ93KiiKe8PmFIVdXhHcyv44SL9oglmfeSsndo0jRw==",
      "dev": true,
      "bin": {
        "tsc": "bin/tsc",
        "tsserver": "bin/tsserver"
      },
      "engines": {
        "node": ">=12.20"
      }
    }
  }
}
