{
  "name": "@raviqqe/react-tsconfig",
  "version": "1.0.9",
  "lockfileVersion": 2,
  "requires": true,
  "packages": {
    "": {
      "name": "@raviqqe/react-tsconfig",
      "version": "1.0.9",
      "license": "MIT",
      "dependencies": {
        "@raviqqe/tsconfig": "^1.0.0"
      },
      "devDependencies": {
        "typescript": "^4.8.4"
      }
    },
    "node_modules/@raviqqe/tsconfig": {
      "version": "1.0.0",
      "resolved": "https://registry.npmjs.org/@raviqqe/tsconfig/-/tsconfig-1.0.0.tgz",
      "integrity": "sha512-dSF8imnNr8waAqBe6ArtuNZ0h66yTqAes0bqAnP/QGoM/bxcJSUXRxFprP3PnHci+aFkAZ001YMyqBRISg4Neg=="
    },
    "node_modules/typescript": {
      "version": "4.9.5",
      "resolved": "https://registry.npmjs.org/typescript/-/typescript-4.9.5.tgz",
      "integrity": "sha512-1FXk9E2Hm+QzZQ7z+McJiHL4NW1F2EzMu9Nq9i3zAaGqibafqYwCVU6WyWAuyQRRzOlxou8xZSyXLEN8oKj24g==",
      "dev": true,
      "bin": {
        "tsc": "bin/tsc",
        "tsserver": "bin/tsserver"
      },
      "engines": {
        "node": ">=4.2.0"
      }
    }
  },
  "dependencies": {
    "@raviqqe/tsconfig": {
      "version": "1.0.0",
      "resolved": "https://registry.npmjs.org/@raviqqe/tsconfig/-/tsconfig-1.0.0.tgz",
      "integrity": "sha512-dSF8imnNr8waAqBe6ArtuNZ0h66yTqAes0bqAnP/QGoM/bxcJSUXRxFprP3PnHci+aFkAZ001YMyqBRISg4Neg=="
    },
    "typescript": {
      "version": "4.9.5",
      "resolved": "https://registry.npmjs.org/typescript/-/typescript-4.9.5.tgz",
      "integrity": "sha512-1FXk9E2Hm+QzZQ7z+McJiHL4NW1F2EzMu9Nq9i3zAaGqibafqYwCVU6WyWAuyQRRzOlxou8xZSyXLEN8oKj24g==",
      "dev": true
    }
  }
}
