{
  "name": "@raviqqe/react-tsconfig",
  "version": "1.0.19",
  "lockfileVersion": 3,
  "requires": true,
  "packages": {
    "": {
      "name": "@raviqqe/react-tsconfig",
      "version": "1.0.19",
      "license": "MIT",
      "dependencies": {
        "@raviqqe/tsconfig": "^1.0.3"
      },
      "devDependencies": {
        "typescript": "^5.0.2"
      }
    },
    "node_modules/@raviqqe/tsconfig": {
      "version": "1.0.9",
      "resolved": "https://registry.npmjs.org/@raviqqe/tsconfig/-/tsconfig-1.0.9.tgz",
      "integrity": "sha512-/LbcQHNwKX0AB6//Kiasd2FKRwXKQZhil/pSrCm+8OxCNnjNkiEe8W+3sJ7/FsPAvDYdkTvzjvX8o1/KCPqQAw=="
    },
    "node_modules/typescript": {
      "version": "5.4.4",
      "resolved": "https://registry.npmjs.org/typescript/-/typescript-5.4.4.tgz",
      "integrity": "sha512-dGE2Vv8cpVvw28v8HCPqyb08EzbBURxDpuhJvTrusShUfGnhHBafDsLdS1EhhxyL6BJQE+2cT3dDPAv+MQ6oLw==",
      "dev": true,
      "bin": {
        "tsc": "bin/tsc",
        "tsserver": "bin/tsserver"
      },
      "engines": {
        "node": ">=14.17"
      }
    }
  }
}
