lockfileVersion: '9.0'

settings:
  autoInstallPeers: true
  excludeLinksFromLockfile: false

importers:

  .:
    dependencies:
      '@raviqqe/tsconfig':
        specifier: ^3.0.0
        version: 3.0.0
    devDependencies:
      typescript:
        specifier: ^6.0.2
        version: 6.0.2

packages:

  '@raviqqe/tsconfig@3.0.0':
    resolution: {integrity: sha512-axoa5/vjOV/BoPQCyOpfdQr+/vjT9HKo9fxhUB2yvh6I9oRKntcHlht5kTbTndQVBgyreHfaa1STKoFqziZ+dg==}
    engines: {node: '>=25.8.0'}

  typescript@6.0.2:
    resolution: {integrity: sha512-bGdAIrZ0wiGDo5l8c++HWtbaNCWTS4UTv7RaTH/ThVIgjkveJt83m74bBHMJkuCbslY8ixgLBVZJIOiQlQTjfQ==}
    engines: {node: '>=14.17'}
    hasBin: true

snapshots:

  '@raviqqe/tsconfig@3.0.0':
    dependencies:
      typescript: 6.0.2

  typescript@6.0.2: {}
