lockfileVersion: '9.0'

settings:
  autoInstallPeers: true
  excludeLinksFromLockfile: false

importers:

  .:
    dependencies:
      '@raviqqe/tsconfig':
        specifier: ^3.0.0
        version: 3.0.1
    devDependencies:
      typescript:
        specifier: ^6.0.2
        version: 6.0.3

packages:

  '@raviqqe/tsconfig@3.0.1':
    resolution: {integrity: sha512-gz/7bBrBrqHIqAlaT0TXb8RaQOTCo272urCs89UlSRBPj13OwqHSw5ilhOWW+daLBoQT3ULku3Rahy+Nm9Cy5A==}
    engines: {node: '>=25.8.0'}

  typescript@6.0.3:
    resolution: {integrity: sha512-y2TvuxSZPDyQakkFRPZHKFm+KKVqIisdg9/CZwm9ftvKXLP8NRWj38/ODjNbr43SsoXqNuAisEf1GdCxqWcdBw==}
    engines: {node: '>=14.17'}
    hasBin: true

snapshots:

  '@raviqqe/tsconfig@3.0.1':
    dependencies:
      typescript: 6.0.3

  typescript@6.0.3: {}
